<Solution>
  <Folder Name="/src/" />
  <Folder Name="/src/API/" />
  <Folder Name="/src/Core/">
    <Project Path="PersonnelManagement.Application/PersonnelManagement.Application.csproj" />
    <Project Path="PersonnelManagement.Domain/PersonnelManagement.Domain.csproj" />
  </Folder>
  <Folder Name="/src/Infrastructure/" />
  <Folder Name="/src/UI/" />
  <Folder Name="/tests/" />
</Solution>
